
Microsoft Visual Studio Solution File, Format Version 12.00
# Visual Studio Version 16
VisualStudioVersion = 16.0.31829.152
MinimumVisualStudioVersion = 10.0.40219.1
Project("{FAE04EC0-301F-11D3-BF4B-00C04F79EFBC}") = "Matrices escalonadas", "Matrices escalonadas\Matrices escalonadas.csproj", "{FEDA60D1-F86D-4341-ACBE-9B5FF00EAF19}"
EndProject
Global
	GlobalSection(SolutionConfigurationPlatforms) = preSolution
		Debug|Any CPU = Debug|Any CPU
		Release|Any CPU = Release|Any CPU
	EndGlobalSection
	GlobalSection(ProjectConfigurationPlatforms) = postSolution
		{FEDA60D1-F86D-4341-ACBE-9B5FF00EAF19}.Debug|Any CPU.ActiveCfg = Debug|Any CPU
		{FEDA60D1-F86D-4341-ACBE-9B5FF00EAF19}.Debug|Any CPU.Build.0 = Debug|Any CPU
		{FEDA60D1-F86D-4341-ACBE-9B5FF00EAF19}.Release|Any CPU.ActiveCfg = Release|Any CPU
		{FEDA60D1-F86D-4341-ACBE-9B5FF00EAF19}.Release|Any CPU.Build.0 = Release|Any CPU
	EndGlobalSection
	GlobalSection(SolutionProperties) = preSolution
		HideSolutionNode = FALSE
	EndGlobalSection
	GlobalSection(ExtensibilityGlobals) = postSolution
		SolutionGuid = {6E887BC6-415C-4528-AF58-D68A37C0D6C8}
	EndGlobalSection
EndGlobal
